<?xml version="1.0" encoding="utf-8"?>
<Project ToolsVersion="4.0" xmlns="http://schemas.microsoft.com/developer/msbuild/2003">
  <ItemGroup>
    <Filter Include="Source Files">
      <UniqueIdentifier>{4FC737F1-C7A5-4376-A066-2A32D752A2FF}</UniqueIdentifier>
      <Extensions>cpp;c;cc;cxx;def;odl;idl;hpj;bat;asm;asmx</Extensions>
    </Filter>
    <Filter Include="Header Files">
      <UniqueIdentifier>{93995380-89BD-4b04-88EB-625FBE52EBFB}</UniqueIdentifier>
      <Extensions>h;hh;hpp;hxx;hm;inl;inc;xsd</Extensions>
    </Filter>
    <Filter Include="Source Files\Http">
      <UniqueIdentifier>{b4901752-223f-4700-b077-068cb14846fc}</UniqueIdentifier>
    </Filter>
    <Filter Include="Header Files\Http">
      <UniqueIdentifier>{fe38b818-8e64-4ef9-aa73-fde0b39d62a1}</UniqueIdentifier>
    </Filter>
    <Filter Include="Source Files\IO">
      <UniqueIdentifier>{8155dd01-8a11-49ad-aed2-d7395fdc083a}</UniqueIdentifier>
    </Filter>
  </ItemGroup>
  <ItemGroup>
    <ClCompile Include="HttpServer.cpp">
      <Filter>Source Files\Http</Filter>
    </ClCompile>
    <ClCompile Include="HttpConnection.cpp">
      <Filter>Source Files\Http</Filter>
    </ClCompile>
    <ClCompile Include="HttpRequest.cpp">
      <Filter>Source Files\Http</Filter>
    </ClCompile>
    <ClCompile Include="HttpResponse.cpp">
      <Filter>Source Files\Http</Filter>
    </ClCompile>
    <ClCompile Include="http_parser.c">
      <Filter>Source Files\Http</Filter>
    </ClCompile>
    <ClCompile Include="HttpParser.cpp">
      <Filter>Source Files\Http</Filter>
    </ClCompile>
    <ClCompile Include="HttpMessage.cpp">
      <Filter>Source Files\Http</Filter>
    </ClCompile>
    <ClCompile Include="HttpHeaders.cpp">
      <Filter>Source Files\Http</Filter>
    </ClCompile>
    <ClCompile Include="Url.cpp">
      <Filter>Source Files</Filter>
    </ClCompile>
    <ClCompile Include="IncomingHttpRequest.cpp">
      <Filter>Source Files\Http</Filter>
    </ClCompile>
    <ClCompile Include="UrlPathUtils.cpp">
      <Filter>Source Files</Filter>
    </ClCompile>
    <ClCompile Include="Main.cpp">
      <Filter>Source Files</Filter>
    </ClCompile>
    <ClCompile Include="IncomingHttpConnection.cpp">
      <Filter>Source Files\Http</Filter>
    </ClCompile>
    <ClCompile Include="IncomingHttpResponse.cpp">
      <Filter>Source Files\Http</Filter>
    </ClCompile>
    <ClCompile Include="HttpConnectionFactory.cpp">
      <Filter>Source Files\Http</Filter>
    </ClCompile>
    <ClCompile Include="OutgoingHttpConnection.cpp">
      <Filter>Source Files\Http</Filter>
    </ClCompile>
    <ClCompile Include="OutgoingHttpRequest.cpp">
      <Filter>Source Files\Http</Filter>
    </ClCompile>
    <ClCompile Include="OutgoingHttpResponse.cpp">
      <Filter>Source Files\Http</Filter>
    </ClCompile>
    <ClCompile Include="ProducingIncomingHttpResponse.cpp">
      <Filter>Source Files\Http</Filter>
    </ClCompile>
    <ClCompile Include="ResponseSavingOutgoingHttpConnection.cpp">
      <Filter>Source Files\Http</Filter>
    </ClCompile>
    <ClCompile Include="FileBytesReader.cpp">
      <Filter>Source Files\IO</Filter>
    </ClCompile>
    <ClCompile Include="SavingBytesConsumer.cpp">
      <Filter>Source Files\IO</Filter>
    </ClCompile>
    <ClCompile Include="ServerConfig.cpp">
      <Filter>Source Files</Filter>
    </ClCompile>
  </ItemGroup>
  <ItemGroup>
    <ClInclude Include="HttpServer.h">
      <Filter>Header Files\Http</Filter>
    </ClInclude>
    <ClInclude Include="HttpConnection.h">
      <Filter>Header Files\Http</Filter>
    </ClInclude>
    <ClInclude Include="HttpRequest.h">
      <Filter>Header Files\Http</Filter>
    </ClInclude>
    <ClInclude Include="HttpResponse.h">
      <Filter>Header Files\Http</Filter>
    </ClInclude>
    <ClInclude Include="Collections.h">
      <Filter>Header Files\Http</Filter>
    </ClInclude>
    <ClInclude Include="KeyValueCollection.h">
      <Filter>Header Files</Filter>
    </ClInclude>
    <ClInclude Include="KeyValuePair.h">
      <Filter>Header Files</Filter>
    </ClInclude>
    <ClInclude Include="http_parser.h">
      <Filter>Header Files</Filter>
    </ClInclude>
    <ClInclude Include="HttpParser.h">
      <Filter>Header Files\Http</Filter>
    </ClInclude>
    <ClInclude Include="HttpHeaders.h">
      <Filter>Header Files\Http</Filter>
    </ClInclude>
    <ClInclude Include="HttpMessage.h">
      <Filter>Header Files\Http</Filter>
    </ClInclude>
    <ClInclude Include="HttpConnectionFactory.h">
      <Filter>Header Files</Filter>
    </ClInclude>
    <ClInclude Include="Url.h">
      <Filter>Header Files</Filter>
    </ClInclude>
    <ClInclude Include="OutgoingHttpConnection.h">
      <Filter>Header Files</Filter>
    </ClInclude>
    <ClInclude Include="IncomingHttpRequest.h">
      <Filter>Header Files\Http</Filter>
    </ClInclude>
    <ClInclude Include="OutgoingHttpResponse.h">
      <Filter>Header Files</Filter>
    </ClInclude>
    <ClInclude Include="OutgoingHttpRequest.h">
      <Filter>Header Files</Filter>
    </ClInclude>
    <ClInclude Include="ProducingIncomingHttpResponse.h">
      <Filter>Header Files</Filter>
    </ClInclude>
    <ClInclude Include="IBytesConsumer.h">
      <Filter>Header Files</Filter>
    </ClInclude>
    <ClInclude Include="SavingBytesConsumer.h">
      <Filter>Header Files</Filter>
    </ClInclude>
    <ClInclude Include="ResponseSavingOutgoingHttpConnection.h">
      <Filter>Header Files</Filter>
    </ClInclude>
    <ClInclude Include="resource.h">
      <Filter>Header Files</Filter>
    </ClInclude>
    <ClInclude Include="ServerConfig.h">
      <Filter>Header Files</Filter>
    </ClInclude>
    <ClInclude Include="UrlPathUtils.h">
      <Filter>Header Files</Filter>
    </ClInclude>
    <ClInclude Include="ISupportsNotifications.h">
      <Filter>Header Files</Filter>
    </ClInclude>
    <ClInclude Include="GenericQueue.h">
      <Filter>Header Files</Filter>
    </ClInclude>
    <ClInclude Include="IBytesProducer.h">
      <Filter>Header Files</Filter>
    </ClInclude>
    <ClInclude Include="BytesQueue.h">
      <Filter>Header Files</Filter>
    </ClInclude>
    <ClInclude Include="FileBytesReader.h">
      <Filter>Header Files</Filter>
    </ClInclude>
    <ClInclude Include="IGenericDataProducer.h">
      <Filter>Header Files</Filter>
    </ClInclude>
    <ClInclude Include="GenericQueueDistributionCenter.h">
      <Filter>Header Files</Filter>
    </ClInclude>
    <ClInclude Include="TlsSingleton.h">
      <Filter>Header Files</Filter>
    </ClInclude>
    <ClInclude Include="IncomingHttpConnection.h">
      <Filter>Header Files\Http</Filter>
    </ClInclude>
    <ClInclude Include="IncomingHttpResponse.h">
      <Filter>Header Files\Http</Filter>
    </ClInclude>
  </ItemGroup>
  <ItemGroup>
    <ResourceCompile Include="Blaster.rc" />
  </ItemGroup>
</Project>